github.com/encas-parka/hugo-cookbook-theme v0.0.0-20260120104932-7c8e07ab90a0 h1:ENlQ0ofyCxfF+oE4BJxc2OUuoYTIKYbb1HFL//sU/0w=
github.com/encas-parka/hugo-cookbook-theme v0.0.0-20260120104932-7c8e07ab90a0/go.mod h1:Ej/xRpfWbZck+KuJm/g37TC0CWvNl82m8a5Vt6f0/Vk=
github.com/encas-parka/hugo-cookbook-theme v0.0.0-20260120120057-d0489366bd71 h1:y/due1jHQFFOFDDA5hFZHsMnmUxYq8wh41mzlCWWhEE=
github.com/encas-parka/hugo-cookbook-theme v0.0.0-20260120120057-d0489366bd71/go.mod h1:Ej/xRpfWbZck+KuJm/g37TC0CWvNl82m8a5Vt6f0/Vk=
