github.com/encas-parka/hugo-cookbook-theme v0.0.0-20251204214933-25586c2e961b h1:ZyqvVRoYuHrXk1Q3DjFDPbxzh0nkFvbRnxPcoMtbK2k=
github.com/encas-parka/hugo-cookbook-theme v0.0.0-20251204214933-25586c2e961b/go.mod h1:nSLyTNGQfoObShxR2oimjrv0al3z7JOUAcfCIKTFhJk=
github.com/encas-parka/hugo-cookbook-theme v0.0.0-20260128213721-9b9c7a7dcc0b h1:1PdPSNpyqYcve9OZO2D4NcMIUVmX6os+DTkLxOJkCm0=
github.com/encas-parka/hugo-cookbook-theme v0.0.0-20260128213721-9b9c7a7dcc0b/go.mod h1:Ej/xRpfWbZck+KuJm/g37TC0CWvNl82m8a5Vt6f0/Vk=
