github.com/encas-parka/hugo-cookbook-theme v0.0.0-20260128213721-9b9c7a7dcc0b h1:1PdPSNpyqYcve9OZO2D4NcMIUVmX6os+DTkLxOJkCm0=
github.com/encas-parka/hugo-cookbook-theme v0.0.0-20260128213721-9b9c7a7dcc0b/go.mod h1:Ej/xRpfWbZck+KuJm/g37TC0CWvNl82m8a5Vt6f0/Vk=
github.com/encas-parka/hugo-cookbook-theme v0.0.0-20260128221838-e129fa34b4a9 h1:+7szpCS7E78XOvdBAXYpeby8xKZfUyKSnU7OSNJObYM=
github.com/encas-parka/hugo-cookbook-theme v0.0.0-20260128221838-e129fa34b4a9/go.mod h1:Ej/xRpfWbZck+KuJm/g37TC0CWvNl82m8a5Vt6f0/Vk=
github.com/encas-parka/hugo-cookbook-theme v0.0.0-20260128224523-735eef582931 h1:kDvbtxC4nf51rZksqa1SmK7n19BWTcA/J/fGz08/l+A=
github.com/encas-parka/hugo-cookbook-theme v0.0.0-20260128224523-735eef582931/go.mod h1:Ej/xRpfWbZck+KuJm/g37TC0CWvNl82m8a5Vt6f0/Vk=
github.com/encas-parka/hugo-cookbook-theme v0.0.0-20260128224832-72eda85a7b14 h1:Oo3q5Tz4I0dQZAnhUNmjizZCS79Y7nFCb5kas3EB0HA=
github.com/encas-parka/hugo-cookbook-theme v0.0.0-20260128224832-72eda85a7b14/go.mod h1:o9VyyhjsV2t/QxdOrfd/OTxjQSz9h61FceUDmaKr9mQ=
github.com/encas-parka/hugo-cookbook-theme v0.0.0-20260128230345-77809a2ae02e h1:hV1RtJpwLrjLJV4EbGcFZuCF1xxCNcEyq2fdUEJ1G5E=
github.com/encas-parka/hugo-cookbook-theme v0.0.0-20260128230345-77809a2ae02e/go.mod h1:o9VyyhjsV2t/QxdOrfd/OTxjQSz9h61FceUDmaKr9mQ=
github.com/encas-parka/hugo-cookbook-theme v0.0.0-20260129031529-f699797c8c18 h1:GEO5z77112lxAQ5XW7SA40SxWjl96augXwet97SXPv4=
github.com/encas-parka/hugo-cookbook-theme v0.0.0-20260129031529-f699797c8c18/go.mod h1:o9VyyhjsV2t/QxdOrfd/OTxjQSz9h61FceUDmaKr9mQ=
github.com/encas-parka/hugo-cookbook-theme v0.0.0-20260130170432-b6ce39e468d0 h1:nIwe6/MHcYliUvVr57/A67wYz1s5He4oXAr7ZY2P2ag=
github.com/encas-parka/hugo-cookbook-theme v0.0.0-20260130170432-b6ce39e468d0/go.mod h1:o9VyyhjsV2t/QxdOrfd/OTxjQSz9h61FceUDmaKr9mQ=
github.com/encas-parka/hugo-cookbook-theme v0.0.0-20260130181654-6e7ba42a163b h1:z3LnKUUVXypwUXsj6WneHaavse5AAFsXP+xcs1jSHxc=
github.com/encas-parka/hugo-cookbook-theme v0.0.0-20260130181654-6e7ba42a163b/go.mod h1:o9VyyhjsV2t/QxdOrfd/OTxjQSz9h61FceUDmaKr9mQ=
github.com/encas-parka/hugo-cookbook-theme v0.0.0-20260202143501-c33570a5db46 h1:tGT9iXbMpnCi6HGfPkiHXSlsA2UOYMm4b89LSX8crKE=
github.com/encas-parka/hugo-cookbook-theme v0.0.0-20260202143501-c33570a5db46/go.mod h1:o9VyyhjsV2t/QxdOrfd/OTxjQSz9h61FceUDmaKr9mQ=
github.com/encas-parka/hugo-cookbook-theme v0.0.0-20260202144840-4ba9d0533590 h1:bA24Inw6Gqi3M5J0aFYclDxMlnJ/dn7/hQDT5cQ5iB0=
github.com/encas-parka/hugo-cookbook-theme v0.0.0-20260202144840-4ba9d0533590/go.mod h1:o9VyyhjsV2t/QxdOrfd/OTxjQSz9h61FceUDmaKr9mQ=
